// !$*UTF8*$!
{
	archiveVersion = 1;
	classes = {
	};
	objectVersion = 56;
	objects = {

/* Begin PBXBuildFile section */
		212F38842A09548A00BFE392 /* AppDelegate.swift in Sources */ = {isa = PBXBuildFile; fileRef = 212F38832A09548A00BFE392 /* AppDelegate.swift */; };
		212F38862A09548A00BFE392 /* SceneDelegate.swift in Sources */ = {isa = PBXBuildFile; fileRef = 212F38852A09548A00BFE392 /* SceneDelegate.swift */; };
		212F38882A09548A00BFE392 /* ViewController.swift in Sources */ = {isa = PBXBuildFile; fileRef = 212F38872A09548A00BFE392 /* ViewController.swift */; };
		212F388B2A09548A00BFE392 /* Main.storyboard in Resources */ = {isa = PBXBuildFile; fileRef = 212F38892A09548A00BFE392 /* Main.storyboard */; };
		212F388D2A09548B00BFE392 /* Assets.xcassets in Resources */ = {isa = PBXBuildFile; fileRef = 212F388C2A09548B00BFE392 /* Assets.xcassets */; };
		212F38902A09548B00BFE392 /* LaunchScreen.storyboard in Resources */ = {isa = PBXBuildFile; fileRef = 212F388E2A09548B00BFE392 /* LaunchScreen.storyboard */; };
		212F38992A0957E700BFE392 /* Music.swift in Sources */ = {isa = PBXBuildFile; fileRef = 212F38982A0957E700BFE392 /* Music.swift */; };
		214D63072A0A53C4002C1323 /* CategoriesCollectionViewCell.swift in Sources */ = {isa = PBXBuildFile; fileRef = 214D63052A0A53C4002C1323 /* CategoriesCollectionViewCell.swift */; };
		214D63082A0A53C4002C1323 /* CategoriesCollectionViewCell.xib in Resources */ = {isa = PBXBuildFile; fileRef = 214D63062A0A53C4002C1323 /* CategoriesCollectionViewCell.xib */; };
		215C3F962A10DE100028F62B /* Track.swift in Sources */ = {isa = PBXBuildFile; fileRef = 215C3F952A10DE100028F62B /* Track.swift */; };
		215C3FBC2A121D8F0028F62B /* AlbumTableViewCell.swift in Sources */ = {isa = PBXBuildFile; fileRef = 215C3FBB2A121D8F0028F62B /* AlbumTableViewCell.swift */; };
		215C3FBE2A1274180028F62B /* AlbumDetailViewController.swift in Sources */ = {isa = PBXBuildFile; fileRef = 215C3FBD2A1274170028F62B /* AlbumDetailViewController.swift */; };
		215C3FC02A1277760028F62B /* AlbumDetailTableViewCell.swift in Sources */ = {isa = PBXBuildFile; fileRef = 215C3FBF2A1277760028F62B /* AlbumDetailTableViewCell.swift */; };
		215C3FC22A129ECD0028F62B /* Song.swift in Sources */ = {isa = PBXBuildFile; fileRef = 215C3FC12A129ECD0028F62B /* Song.swift */; };
		215C3FC42A12B67C0028F62B /* FavoriteSong.swift in Sources */ = {isa = PBXBuildFile; fileRef = 215C3FC32A12B67C0028F62B /* FavoriteSong.swift */; };
		215C3FC82A12BE160028F62B /* FavoriteManager.swift in Sources */ = {isa = PBXBuildFile; fileRef = 215C3FC72A12BE160028F62B /* FavoriteManager.swift */; };
		215C3FCA2A12C2320028F62B /* FavoritesViewController.swift in Sources */ = {isa = PBXBuildFile; fileRef = 215C3FC92A12C2320028F62B /* FavoritesViewController.swift */; };
		215C3FCC2A12C6E90028F62B /* FavoritesTableViewCell.swift in Sources */ = {isa = PBXBuildFile; fileRef = 215C3FCB2A12C6E90028F62B /* FavoritesTableViewCell.swift */; };
		217271BD2A0CE08100BAE103 /* ArtistViewController.swift in Sources */ = {isa = PBXBuildFile; fileRef = 217271BC2A0CE08100BAE103 /* ArtistViewController.swift */; };
		217271BF2A0CE9F600BAE103 /* Artist.swift in Sources */ = {isa = PBXBuildFile; fileRef = 217271BE2A0CE9F600BAE103 /* Artist.swift */; };
		217271C22A0CF96200BAE103 /* ArtistsCollectionViewCell.swift in Sources */ = {isa = PBXBuildFile; fileRef = 217271C02A0CF96200BAE103 /* ArtistsCollectionViewCell.swift */; };
		217271C32A0CF96200BAE103 /* ArtistsCollectionViewCell.xib in Resources */ = {isa = PBXBuildFile; fileRef = 217271C12A0CF96200BAE103 /* ArtistsCollectionViewCell.xib */; };
		21ACDB852A0E6267008511CA /* AlbumViewController.swift in Sources */ = {isa = PBXBuildFile; fileRef = 21ACDB842A0E6267008511CA /* AlbumViewController.swift */; };
		21ACDB8B2A0E6644008511CA /* Album.swift in Sources */ = {isa = PBXBuildFile; fileRef = 21ACDB8A2A0E6644008511CA /* Album.swift */; };
/* End PBXBuildFile section */

/* Begin PBXFileReference section */
		212F38802A09548A00BFE392 /* AppcentTask.app */ = {isa = PBXFileReference; explicitFileType = wrapper.application; includeInIndex = 0; path = AppcentTask.app; sourceTree = BUILT_PRODUCTS_DIR; };
		212F38832A09548A00BFE392 /* AppDelegate.swift */ = {isa = PBXFileReference; lastKnownFileType = sourcecode.swift; path = AppDelegate.swift; sourceTree = "<group>"; };
		212F38852A09548A00BFE392 /* SceneDelegate.swift */ = {isa = PBXFileReference; lastKnownFileType = sourcecode.swift; path = SceneDelegate.swift; sourceTree = "<group>"; };
		212F38872A09548A00BFE392 /* ViewController.swift */ = {isa = PBXFileReference; lastKnownFileType = sourcecode.swift; path = ViewController.swift; sourceTree = "<group>"; };
		212F388A2A09548A00BFE392 /* Base */ = {isa = PBXFileReference; lastKnownFileType = file.storyboard; name = Base; path = Base.lproj/Main.storyboard; sourceTree = "<group>"; };
		212F388C2A09548B00BFE392 /* Assets.xcassets */ = {isa = PBXFileReference; lastKnownFileType = folder.assetcatalog; path = Assets.xcassets; sourceTree = "<group>"; };
		212F388F2A09548B00BFE392 /* Base */ = {isa = PBXFileReference; lastKnownFileType = file.storyboard; name = Base; path = Base.lproj/LaunchScreen.storyboard; sourceTree = "<group>"; };
		212F38912A09548B00BFE392 /* Info.plist */ = {isa = PBXFileReference; lastKnownFileType = text.plist.xml; path = Info.plist; sourceTree = "<group>"; };
		212F38982A0957E700BFE392 /* Music.swift */ = {isa = PBXFileReference; lastKnownFileType = sourcecode.swift; path = Music.swift; sourceTree = "<group>"; };
		214D63052A0A53C4002C1323 /* CategoriesCollectionViewCell.swift */ = {isa = PBXFileReference; lastKnownFileType = sourcecode.swift; path = CategoriesCollectionViewCell.swift; sourceTree = "<group>"; };
		214D63062A0A53C4002C1323 /* CategoriesCollectionViewCell.xib */ = {isa = PBXFileReference; lastKnownFileType = file.xib; path = CategoriesCollectionViewCell.xib; sourceTree = "<group>"; };
		215C3F952A10DE100028F62B /* Track.swift */ = {isa = PBXFileReference; lastKnownFileType = sourcecode.swift; path = Track.swift; sourceTree = "<group>"; };
		215C3FBB2A121D8F0028F62B /* AlbumTableViewCell.swift */ = {isa = PBXFileReference; lastKnownFileType = sourcecode.swift; path = AlbumTableViewCell.swift; sourceTree = "<group>"; };
		215C3FBD2A1274170028F62B /* AlbumDetailViewController.swift */ = {isa = PBXFileReference; lastKnownFileType = sourcecode.swift; path = AlbumDetailViewController.swift; sourceTree = "<group>"; };
		215C3FBF2A1277760028F62B /* AlbumDetailTableViewCell.swift */ = {isa = PBXFileReference; lastKnownFileType = sourcecode.swift; path = AlbumDetailTableViewCell.swift; sourceTree = "<group>"; };
		215C3FC12A129ECD0028F62B /* Song.swift */ = {isa = PBXFileReference; lastKnownFileType = sourcecode.swift; path = Song.swift; sourceTree = "<group>"; };
		215C3FC32A12B67C0028F62B /* FavoriteSong.swift */ = {isa = PBXFileReference; lastKnownFileType = sourcecode.swift; path = FavoriteSong.swift; sourceTree = "<group>"; };
		215C3FC72A12BE160028F62B /* FavoriteManager.swift */ = {isa = PBXFileReference; lastKnownFileType = sourcecode.swift; path = FavoriteManager.swift; sourceTree = "<group>"; };
		215C3FC92A12C2320028F62B /* FavoritesViewController.swift */ = {isa = PBXFileReference; lastKnownFileType = sourcecode.swift; path = FavoritesViewController.swift; sourceTree = "<group>"; };
		215C3FCB2A12C6E90028F62B /* FavoritesTableViewCell.swift */ = {isa = PBXFileReference; lastKnownFileType = sourcecode.swift; path = FavoritesTableViewCell.swift; sourceTree = "<group>"; };
		217271BC2A0CE08100BAE103 /* ArtistViewController.swift */ = {isa = PBXFileReference; lastKnownFileType = sourcecode.swift; path = ArtistViewController.swift; sourceTree = "<group>"; };
		217271BE2A0CE9F600BAE103 /* Artist.swift */ = {isa = PBXFileReference; lastKnownFileType = sourcecode.swift; path = Artist.swift; sourceTree = "<group>"; };
		217271C02A0CF96200BAE103 /* ArtistsCollectionViewCell.swift */ = {isa = PBXFileReference; lastKnownFileType = sourcecode.swift; path = ArtistsCollectionViewCell.swift; sourceTree = "<group>"; };
		217271C12A0CF96200BAE103 /* ArtistsCollectionViewCell.xib */ = {isa = PBXFileReference; lastKnownFileType = file.xib; path = ArtistsCollectionViewCell.xib; sourceTree = "<group>"; };
		21ACDB842A0E6267008511CA /* AlbumViewController.swift */ = {isa = PBXFileReference; lastKnownFileType = sourcecode.swift; path = AlbumViewController.swift; sourceTree = "<group>"; };
		21ACDB8A2A0E6644008511CA /* Album.swift */ = {isa = PBXFileReference; lastKnownFileType = sourcecode.swift; path = Album.swift; sourceTree = "<group>"; };
/* End PBXFileReference section */

/* Begin PBXFrameworksBuildPhase section */
		212F387D2A09548A00BFE392 /* Frameworks */ = {
			isa = PBXFrameworksBuildPhase;
			buildActionMask = 2147483647;
			files = (
			);
			runOnlyForDeploymentPostprocessing = 0;
		};
/* End PBXFrameworksBuildPhase section */

/* Begin PBXGroup section */
		212F38772A09548A00BFE392 = {
			isa = PBXGroup;
			children = (
				212F38822A09548A00BFE392 /* AppcentTask */,
				212F38812A09548A00BFE392 /* Products */,
			);
			sourceTree = "<group>";
		};
		212F38812A09548A00BFE392 /* Products */ = {
			isa = PBXGroup;
			children = (
				212F38802A09548A00BFE392 /* AppcentTask.app */,
			);
			name = Products;
			sourceTree = "<group>";
		};
		212F38822A09548A00BFE392 /* AppcentTask */ = {
			isa = PBXGroup;
			children = (
				215C3FD32A12D8F70028F62B /* Manager */,
				215C3FCD2A12D80C0028F62B /* View */,
				212F38972A09569D00BFE392 /* Model */,
				212F38832A09548A00BFE392 /* AppDelegate.swift */,
				212F38852A09548A00BFE392 /* SceneDelegate.swift */,
				212F38892A09548A00BFE392 /* Main.storyboard */,
				212F388C2A09548B00BFE392 /* Assets.xcassets */,
				212F388E2A09548B00BFE392 /* LaunchScreen.storyboard */,
				212F38912A09548B00BFE392 /* Info.plist */,
			);
			path = AppcentTask;
			sourceTree = "<group>";
		};
		212F38972A09569D00BFE392 /* Model */ = {
			isa = PBXGroup;
			children = (
				212F38982A0957E700BFE392 /* Music.swift */,
				217271BE2A0CE9F600BAE103 /* Artist.swift */,
				21ACDB8A2A0E6644008511CA /* Album.swift */,
				215C3F952A10DE100028F62B /* Track.swift */,
				215C3FC12A129ECD0028F62B /* Song.swift */,
				215C3FC32A12B67C0028F62B /* FavoriteSong.swift */,
			);
			path = Model;
			sourceTree = "<group>";
		};
		215C3FCD2A12D80C0028F62B /* View */ = {
			isa = PBXGroup;
			children = (
				215C3FD22A12D8D70028F62B /* Favorite */,
				215C3FD12A12D8B90028F62B /* Artist */,
				215C3FD02A12D8A60028F62B /* AlbumDetail */,
				215C3FCF2A12D8440028F62B /* Album */,
				215C3FCE2A12D82A0028F62B /* Category */,
			);
			path = View;
			sourceTree = "<group>";
		};
		215C3FCE2A12D82A0028F62B /* Category */ = {
			isa = PBXGroup;
			children = (
				212F38872A09548A00BFE392 /* ViewController.swift */,
				214D63052A0A53C4002C1323 /* CategoriesCollectionViewCell.swift */,
				214D63062A0A53C4002C1323 /* CategoriesCollectionViewCell.xib */,
			);
			path = Category;
			sourceTree = "<group>";
		};
		215C3FCF2A12D8440028F62B /* Album */ = {
			isa = PBXGroup;
			children = (
				21ACDB842A0E6267008511CA /* AlbumViewController.swift */,
				215C3FBB2A121D8F0028F62B /* AlbumTableViewCell.swift */,
			);
			path = Album;
			sourceTree = "<group>";
		};
		215C3FD02A12D8A60028F62B /* AlbumDetail */ = {
			isa = PBXGroup;
			children = (
				215C3FBD2A1274170028F62B /* AlbumDetailViewController.swift */,
				215C3FBF2A1277760028F62B /* AlbumDetailTableViewCell.swift */,
			);
			path = AlbumDetail;
			sourceTree = "<group>";
		};
		215C3FD12A12D8B90028F62B /* Artist */ = {
			isa = PBXGroup;
			children = (
				217271BC2A0CE08100BAE103 /* ArtistViewController.swift */,
				217271C02A0CF96200BAE103 /* ArtistsCollectionViewCell.swift */,
				217271C12A0CF96200BAE103 /* ArtistsCollectionViewCell.xib */,
			);
			path = Artist;
			sourceTree = "<group>";
		};
		215C3FD22A12D8D70028F62B /* Favorite */ = {
			isa = PBXGroup;
			children = (
				215C3FC92A12C2320028F62B /* FavoritesViewController.swift */,
				215C3FCB2A12C6E90028F62B /* FavoritesTableViewCell.swift */,
			);
			path = Favorite;
			sourceTree = "<group>";
		};
		215C3FD32A12D8F70028F62B /* Manager */ = {
			isa = PBXGroup;
			children = (
				215C3FC72A12BE160028F62B /* FavoriteManager.swift */,
			);
			path = Manager;
			sourceTree = "<group>";
		};
/* End PBXGroup section */

/* Begin PBXNativeTarget section */
		212F387F2A09548A00BFE392 /* AppcentTask */ = {
			isa = PBXNativeTarget;
			buildConfigurationList = 212F38942A09548B00BFE392 /* Build configuration list for PBXNativeTarget "AppcentTask" */;
			buildPhases = (
				212F387C2A09548A00BFE392 /* Sources */,
				212F387D2A09548A00BFE392 /* Frameworks */,
				212F387E2A09548A00BFE392 /* Resources */,
			);
			buildRules = (
			);
			dependencies = (
			);
			name = AppcentTask;
			productName = AppcentTask;
			productReference = 212F38802A09548A00BFE392 /* AppcentTask.app */;
			productType = "com.apple.product-type.application";
		};
/* End PBXNativeTarget section */

/* Begin PBXProject section */
		212F38782A09548A00BFE392 /* Project object */ = {
			isa = PBXProject;
			attributes = {
				BuildIndependentTargetsInParallel = 1;
				LastSwiftUpdateCheck = 1430;
				LastUpgradeCheck = 1430;
				TargetAttributes = {
					212F387F2A09548A00BFE392 = {
						CreatedOnToolsVersion = 14.3;
					};
				};
			};
			buildConfigurationList = 212F387B2A09548A00BFE392 /* Build configuration list for PBXProject "AppcentTask" */;
			compatibilityVersion = "Xcode 14.0";
			developmentRegion = en;
			hasScannedForEncodings = 0;
			knownRegions = (
				en,
				Base,
			);
			mainGroup = 212F38772A09548A00BFE392;
			productRefGroup = 212F38812A09548A00BFE392 /* Products */;
			projectDirPath = "";
			projectRoot = "";
			targets = (
				212F387F2A09548A00BFE392 /* AppcentTask */,
			);
		};
/* End PBXProject section */

/* Begin PBXResourcesBuildPhase section */
		212F387E2A09548A00BFE392 /* Resources */ = {
			isa = PBXResourcesBuildPhase;
			buildActionMask = 2147483647;
			files = (
				217271C32A0CF96200BAE103 /* ArtistsCollectionViewCell.xib in Resources */,
				214D63082A0A53C4002C1323 /* CategoriesCollectionViewCell.xib in Resources */,
				212F38902A09548B00BFE392 /* LaunchScreen.storyboard in Resources */,
				212F388D2A09548B00BFE392 /* Assets.xcassets in Resources */,
				212F388B2A09548A00BFE392 /* Main.storyboard in Resources */,
			);
			runOnlyForDeploymentPostprocessing = 0;
		};
/* End PBXResourcesBuildPhase section */

/* Begin PBXSourcesBuildPhase section */
		212F387C2A09548A00BFE392 /* Sources */ = {
			isa = PBXSourcesBuildPhase;
			buildActionMask = 2147483647;
			files = (
				212F38882A09548A00BFE392 /* ViewController.swift in Sources */,
				212F38842A09548A00BFE392 /* AppDelegate.swift in Sources */,
				212F38862A09548A00BFE392 /* SceneDelegate.swift in Sources */,
				21ACDB852A0E6267008511CA /* AlbumViewController.swift in Sources */,
				215C3FC42A12B67C0028F62B /* FavoriteSong.swift in Sources */,
				217271C22A0CF96200BAE103 /* ArtistsCollectionViewCell.swift in Sources */,
				215C3FC82A12BE160028F62B /* FavoriteManager.swift in Sources */,
				212F38992A0957E700BFE392 /* Music.swift in Sources */,
				214D63072A0A53C4002C1323 /* CategoriesCollectionViewCell.swift in Sources */,
				215C3FBE2A1274180028F62B /* AlbumDetailViewController.swift in Sources */,
				215C3FCA2A12C2320028F62B /* FavoritesViewController.swift in Sources */,
				21ACDB8B2A0E6644008511CA /* Album.swift in Sources */,
				215C3FC22A129ECD0028F62B /* Song.swift in Sources */,
				217271BD2A0CE08100BAE103 /* ArtistViewController.swift in Sources */,
				217271BF2A0CE9F600BAE103 /* Artist.swift in Sources */,
				215C3F962A10DE100028F62B /* Track.swift in Sources */,
				215C3FC02A1277760028F62B /* AlbumDetailTableViewCell.swift in Sources */,
				215C3FBC2A121D8F0028F62B /* AlbumTableViewCell.swift in Sources */,
				215C3FCC2A12C6E90028F62B /* FavoritesTableViewCell.swift in Sources */,
			);
			runOnlyForDeploymentPostprocessing = 0;
		};
/* End PBXSourcesBuildPhase section */

/* Begin PBXVariantGroup section */
		212F38892A09548A00BFE392 /* Main.storyboard */ = {
			isa = PBXVariantGroup;
			children = (
				212F388A2A09548A00BFE392 /* Base */,
			);
			name = Main.storyboard;
			sourceTree = "<group>";
		};
		212F388E2A09548B00BFE392 /* LaunchScreen.storyboard */ = {
			isa = PBXVariantGroup;
			children = (
				212F388F2A09548B00BFE392 /* Base */,
			);
			name = LaunchScreen.storyboard;
			sourceTree = "<group>";
		};
/* End PBXVariantGroup section */

/* Begin XCBuildConfiguration section */
		212F38922A09548B00BFE392 /* Debug */ = {
			isa = XCBuildConfiguration;
			buildSettings = {
				ALWAYS_SEARCH_USER_PATHS = NO;
				CLANG_ANALYZER_NONNULL = YES;
				CLANG_ANALYZER_NUMBER_OBJECT_CONVERSION = YES_AGGRESSIVE;
				CLANG_CXX_LANGUAGE_STANDARD = "gnu++20";
				CLANG_ENABLE_MODULES = YES;
				CLANG_ENABLE_OBJC_ARC = YES;
				CLANG_ENABLE_OBJC_WEAK = YES;
				CLANG_WARN_BLOCK_CAPTURE_AUTORELEASING = YES;
				CLANG_WARN_BOOL_CONVERSION = YES;
				CLANG_WARN_COMMA = YES;
				CLANG_WARN_CONSTANT_CONVERSION = YES;
				CLANG_WARN_DEPRECATED_OBJC_IMPLEMENTATIONS = YES;
				CLANG_WARN_DIRECT_OBJC_ISA_USAGE = YES_ERROR;
				CLANG_WARN_DOCUMENTATION_COMMENTS = YES;
				CLANG_WARN_EMPTY_BODY = YES;
				CLANG_WARN_ENUM_CONVERSION = YES;
				CLANG_WARN_INFINITE_RECURSION = YES;
				CLANG_WARN_INT_CONVERSION = YES;
				CLANG_WARN_NON_LITERAL_NULL_CONVERSION = YES;
				CLANG_WARN_OBJC_IMPLICIT_RETAIN_SELF = YES;
				CLANG_WARN_OBJC_LITERAL_CONVERSION = YES;
				CLANG_WARN_OBJC_ROOT_CLASS = YES_ERROR;
				CLANG_WARN_QUOTED_INCLUDE_IN_FRAMEWORK_HEADER = YES;
				CLANG_WARN_RANGE_LOOP_ANALYSIS = YES;
				CLANG_WARN_STRICT_PROTOTYPES = YES;
				CLANG_WARN_SUSPICIOUS_MOVE = YES;
				CLANG_WARN_UNGUARDED_AVAILABILITY = YES_AGGRESSIVE;
				CLANG_WARN_UNREACHABLE_CODE = YES;
				CLANG_WARN__DUPLICATE_METHOD_MATCH = YES;
				COPY_PHASE_STRIP = NO;
				DEBUG_INFORMATION_FORMAT = dwarf;
				ENABLE_STRICT_OBJC_MSGSEND = YES;
				ENABLE_TESTABILITY = YES;
				GCC_C_LANGUAGE_STANDARD = gnu11;
				GCC_DYNAMIC_NO_PIC = NO;
				GCC_NO_COMMON_BLOCKS = YES;
				GCC_OPTIMIZATION_LEVEL = 0;
				GCC_PREPROCESSOR_DEFINITIONS = (
					"DEBUG=1",
					"$(inherited)",
				);
				GCC_WARN_64_TO_32_BIT_CONVERSION = YES;
				GCC_WARN_ABOUT_RETURN_TYPE = YES_ERROR;
				GCC_WARN_UNDECLARED_SELECTOR = YES;
				GCC_WARN_UNINITIALIZED_AUTOS = YES_AGGRESSIVE;
				GCC_WARN_UNUSED_FUNCTION = YES;
				GCC_WARN_UNUSED_VARIABLE = YES;
				IPHONEOS_DEPLOYMENT_TARGET = 16.4;
				MTL_ENABLE_DEBUG_INFO = INCLUDE_SOURCE;
				MTL_FAST_MATH = YES;
				ONLY_ACTIVE_ARCH = YES;
				SDKROOT = iphoneos;
				SWIFT_ACTIVE_COMPILATION_CONDITIONS = DEBUG;
				SWIFT_OPTIMIZATION_LEVEL = "-Onone";
			};
			name = Debug;
		};
		212F38932A09548B00BFE392 /* Release */ = {
			isa = XCBuildConfiguration;
			buildSettings = {
				ALWAYS_SEARCH_USER_PATHS = NO;
				CLANG_ANALYZER_NONNULL = YES;
				CLANG_ANALYZER_NUMBER_OBJECT_CONVERSION = YES_AGGRESSIVE;
				CLANG_CXX_LANGUAGE_STANDARD = "gnu++20";
				CLANG_ENABLE_MODULES = YES;
				CLANG_ENABLE_OBJC_ARC = YES;
				CLANG_ENABLE_OBJC_WEAK = YES;
				CLANG_WARN_BLOCK_CAPTURE_AUTORELEASING = YES;
				CLANG_WARN_BOOL_CONVERSION = YES;
				CLANG_WARN_COMMA = YES;
				CLANG_WARN_CONSTANT_CONVERSION = YES;
				CLANG_WARN_DEPRECATED_OBJC_IMPLEMENTATIONS = YES;
				CLANG_WARN_DIRECT_OBJC_ISA_USAGE = YES_ERROR;
				CLANG_WARN_DOCUMENTATION_COMMENTS = YES;
				CLANG_WARN_EMPTY_BODY = YES;
				CLANG_WARN_ENUM_CONVERSION = YES;
				CLANG_WARN_INFINITE_RECURSION = YES;
				CLANG_WARN_INT_CONVERSION = YES;
				CLANG_WARN_NON_LITERAL_NULL_CONVERSION = YES;
				CLANG_WARN_OBJC_IMPLICIT_RETAIN_SELF = YES;
				CLANG_WARN_OBJC_LITERAL_CONVERSION = YES;
				CLANG_WARN_OBJC_ROOT_CLASS = YES_ERROR;
				CLANG_WARN_QUOTED_INCLUDE_IN_FRAMEWORK_HEADER = YES;
				CLANG_WARN_RANGE_LOOP_ANALYSIS = YES;
				CLANG_WARN_STRICT_PROTOTYPES = YES;
				CLANG_WARN_SUSPICIOUS_MOVE = YES;
				CLANG_WARN_UNGUARDED_AVAILABILITY = YES_AGGRESSIVE;
				CLANG_WARN_UNREACHABLE_CODE = YES;
				CLANG_WARN__DUPLICATE_METHOD_MATCH = YES;
				COPY_PHASE_STRIP = NO;
				DEBUG_INFORMATION_FORMAT = "dwarf-with-dsym";
				ENABLE_NS_ASSERTIONS = NO;
				ENABLE_STRICT_OBJC_MSGSEND = YES;
				GCC_C_LANGUAGE_STANDARD = gnu11;
				GCC_NO_COMMON_BLOCKS = YES;
				GCC_WARN_64_TO_32_BIT_CONVERSION = YES;
				GCC_WARN_ABOUT_RETURN_TYPE = YES_ERROR;
				GCC_WARN_UNDECLARED_SELECTOR = YES;
				GCC_WARN_UNINITIALIZED_AUTOS = YES_AGGRESSIVE;
				GCC_WARN_UNUSED_FUNCTION = YES;
				GCC_WARN_UNUSED_VARIABLE = YES;
				IPHONEOS_DEPLOYMENT_TARGET = 16.4;
				MTL_ENABLE_DEBUG_INFO = NO;
				MTL_FAST_MATH = YES;
				SDKROOT = iphoneos;
				SWIFT_COMPILATION_MODE = wholemodule;
				SWIFT_OPTIMIZATION_LEVEL = "-O";
				VALIDATE_PRODUCT = YES;
			};
			name = Release;
		};
		212F38952A09548B00BFE392 /* Debug */ = {
			isa = XCBuildConfiguration;
			buildSettings = {
				ASSETCATALOG_COMPILER_APPICON_NAME = AppIcon;
				ASSETCATALOG_COMPILER_GLOBAL_ACCENT_COLOR_NAME = AccentColor;
				CODE_SIGN_STYLE = Automatic;
				CURRENT_PROJECT_VERSION = 1;
				DEVELOPMENT_TEAM = BAHUM2K72T;
				GENERATE_INFOPLIST_FILE = YES;
				INFOPLIST_FILE = AppcentTask/Info.plist;
				INFOPLIST_KEY_UIApplicationSupportsIndirectInputEvents = YES;
				INFOPLIST_KEY_UILaunchStoryboardName = LaunchScreen;
				INFOPLIST_KEY_UIMainStoryboardFile = Main;
				INFOPLIST_KEY_UISupportedInterfaceOrientations_iPad = "UIInterfaceOrientationPortrait UIInterfaceOrientationPortraitUpsideDown UIInterfaceOrientationLandscapeLeft UIInterfaceOrientationLandscapeRight";
				INFOPLIST_KEY_UISupportedInterfaceOrientations_iPhone = "UIInterfaceOrientationPortrait UIInterfaceOrientationLandscapeLeft UIInterfaceOrientationLandscapeRight";
				LD_RUNPATH_SEARCH_PATHS = (
					"$(inherited)",
					"@executable_path/Frameworks",
				);
				MARKETING_VERSION = 1.0;
				PRODUCT_BUNDLE_IDENTIFIER = ahmetcantopcu.AppcentTask;
				PRODUCT_NAME = "$(TARGET_NAME)";
				SWIFT_EMIT_LOC_STRINGS = YES;
				SWIFT_VERSION = 5.0;
				TARGETED_DEVICE_FAMILY = "1,2";
			};
			name = Debug;
		};
		212F38962A09548B00BFE392 /* Release */ = {
			isa = XCBuildConfiguration;
			buildSettings = {
				ASSETCATALOG_COMPILER_APPICON_NAME = AppIcon;
				ASSETCATALOG_COMPILER_GLOBAL_ACCENT_COLOR_NAME = AccentColor;
				CODE_SIGN_STYLE = Automatic;
				CURRENT_PROJECT_VERSION = 1;
				DEVELOPMENT_TEAM = BAHUM2K72T;
				GENERATE_INFOPLIST_FILE = YES;
				INFOPLIST_FILE = AppcentTask/Info.plist;
				INFOPLIST_KEY_UIApplicationSupportsIndirectInputEvents = YES;
				INFOPLIST_KEY_UILaunchStoryboardName = LaunchScreen;
				INFOPLIST_KEY_UIMainStoryboardFile = Main;
				INFOPLIST_KEY_UISupportedInterfaceOrientations_iPad = "UIInterfaceOrientationPortrait UIInterfaceOrientationPortraitUpsideDown UIInterfaceOrientationLandscapeLeft UIInterfaceOrientationLandscapeRight";
				INFOPLIST_KEY_UISupportedInterfaceOrientations_iPhone = "UIInterfaceOrientationPortrait UIInterfaceOrientationLandscapeLeft UIInterfaceOrientationLandscapeRight";
				LD_RUNPATH_SEARCH_PATHS = (
					"$(inherited)",
					"@executable_path/Frameworks",
				);
				MARKETING_VERSION = 1.0;
				PRODUCT_BUNDLE_IDENTIFIER = ahmetcantopcu.AppcentTask;
				PRODUCT_NAME = "$(TARGET_NAME)";
				SWIFT_EMIT_LOC_STRINGS = YES;
				SWIFT_VERSION = 5.0;
				TARGETED_DEVICE_FAMILY = "1,2";
			};
			name = Release;
		};
/* End XCBuildConfiguration section */

/* Begin XCConfigurationList section */
		212F387B2A09548A00BFE392 /* Build configuration list for PBXProject "AppcentTask" */ = {
			isa = XCConfigurationList;
			buildConfigurations = (
				212F38922A09548B00BFE392 /* Debug */,
				212F38932A09548B00BFE392 /* Release */,
			);
			defaultConfigurationIsVisible = 0;
			defaultConfigurationName = Release;
		};
		212F38942A09548B00BFE392 /* Build configuration list for PBXNativeTarget "AppcentTask" */ = {
			isa = XCConfigurationList;
			buildConfigurations = (
				212F38952A09548B00BFE392 /* Debug */,
				212F38962A09548B00BFE392 /* Release */,
			);
			defaultConfigurationIsVisible = 0;
			defaultConfigurationName = Release;
		};
/* End XCConfigurationList section */
	};
	rootObject = 212F38782A09548A00BFE392 /* Project object */;
}
